{
  "name": "preview-e-r-d",
  "version": "0.3.0",
  "lockfileVersion": 1,
  "requires": true,
  "dependencies": {
    "deepmerge": {
      "version": "2.1.1",
      "resolved": "https://registry.npmjs.org/deepmerge/-/deepmerge-2.1.1.tgz",
      "integrity": "sha512-urQxA1smbLZ2cBbXbaYObM1dJ82aJ2H57A1C/Kklfh/ZN1bgH4G/n5KWhdNfOK11W98gqZfyYj7W4frJJRwA2w=="
    },
    "lodash.deburr": {
      "version": "4.1.0",
      "resolved": "https://registry.npmjs.org/lodash.deburr/-/lodash.deburr-4.1.0.tgz",
      "integrity": "sha1-3bG7s+8HRYwBd7oH3hRCLLAz/5s="
    },
    "minimist": {
      "version": "1.2.6",
      "resolved": "https://registry.npmjs.org/minimist/-/minimist-1.2.6.tgz",
      "integrity": "sha512-Jsjnk4bw3YJqYzbdyBiNsPWHPfO++UGG749Cxs6peCu5Xg4nrena6OVxOYxrQTqww0Jmwt+Ref8rggumkTLz9Q=="
    },
    "string-pixel-width": {
      "version": "1.7.0",
      "resolved": "https://registry.npmjs.org/string-pixel-width/-/string-pixel-width-1.7.0.tgz",
      "integrity": "sha512-oBpv5+wG2c/UVXyCHUoWoejQwyLGU1tSB/XpSBtgC5Gzr61Bk14yIDVpy22tjFZpCQazZE235BLjiUGqpp7qnA==",
      "requires": {
        "lodash.deburr": "^4.1.0"
      }
    },
    "svg-builder": {
      "version": "1.0.0",
      "resolved": "https://registry.npmjs.org/svg-builder/-/svg-builder-1.0.0.tgz",
      "integrity": "sha512-Alb20G9MRQLXnc8YhVfimUJdHqQB2KK1/J/0pAlAoRdtD+V8ryoZCNtkDBAGxQuNyd+lX9qb0RKpZ3kso45K+w=="
    },
    "t2erd": {
      "version": "0.2.0",
      "resolved": "https://registry.npmjs.org/t2erd/-/t2erd-0.2.0.tgz",
      "integrity": "sha512-z32RTU7nSiQyzlojAy8TLE3OeRzfMzEGtrXG5Vb+9Mj1/ImfQb+YC5I4MGTCtc3kdpeuMKZRRkFtqSu5A7bfeg==",
      "requires": {
        "deepmerge": "^2.1.0",
        "minimist": "^1.2.0",
        "string-pixel-width": "^1.5.0",
        "svg-builder": "^1.0.0",
        "uuid": "^3.2.1"
      }
    },
    "uuid": {
      "version": "3.3.2",
      "resolved": "https://registry.npmjs.org/uuid/-/uuid-3.3.2.tgz",
      "integrity": "sha512-yXJmeNaw3DnnKAOKJE51sL/ZaYfWJRl1pK9dr19YFCu0ObS231AB1/LbqTKRAQ5kw8A90rA6fr4riOUpTZvQZA=="
    }
  }
}
